// !$*UTF8*$!
{
	archiveVersion = 1;
	classes = {
	};
	objectVersion = 55;
	objects = {

/* Begin PBXBuildFile section */
		270D6BB8285F88E700628D44 /* TabView.swift in Sources */ = {isa = PBXBuildFile; fileRef = 270D6BB7285F88E700628D44 /* TabView.swift */; };
		270D6BBA285F8E8400628D44 /* Tab.swift in Sources */ = {isa = PBXBuildFile; fileRef = 270D6BB9285F8E8400628D44 /* Tab.swift */; };
		270D6BBC285F901A00628D44 /* ListTabView.swift in Sources */ = {isa = PBXBuildFile; fileRef = 270D6BBB285F901A00628D44 /* ListTabView.swift */; };
		270F230A2850B6D800C8FC2B /* ListCategoryView.swift in Sources */ = {isa = PBXBuildFile; fileRef = 270F23092850B6D800C8FC2B /* ListCategoryView.swift */; };
		270F230C2850B74900C8FC2B /* Category.swift in Sources */ = {isa = PBXBuildFile; fileRef = 270F230B2850B74900C8FC2B /* Category.swift */; };
		271BC95E284F7A1700D3CFFF /* CategoryView.swift in Sources */ = {isa = PBXBuildFile; fileRef = 271BC95D284F7A1700D3CFFF /* CategoryView.swift */; };
		272802BB284897B20092A6EF /* ComplexSwiftUIApp.swift in Sources */ = {isa = PBXBuildFile; fileRef = 272802BA284897B20092A6EF /* ComplexSwiftUIApp.swift */; };
		272802BD284897B20092A6EF /* HomeView.swift in Sources */ = {isa = PBXBuildFile; fileRef = 272802BC284897B20092A6EF /* HomeView.swift */; };
		272802BF284897B40092A6EF /* Assets.xcassets in Resources */ = {isa = PBXBuildFile; fileRef = 272802BE284897B40092A6EF /* Assets.xcassets */; };
		272802C2284897B40092A6EF /* Preview Assets.xcassets in Resources */ = {isa = PBXBuildFile; fileRef = 272802C1284897B40092A6EF /* Preview Assets.xcassets */; };
		272802CB2848A7E20092A6EF /* User.swift in Sources */ = {isa = PBXBuildFile; fileRef = 272802CA2848A7E20092A6EF /* User.swift */; };
		272802CD2848A8710092A6EF /* Place.swift in Sources */ = {isa = PBXBuildFile; fileRef = 272802CC2848A8710092A6EF /* Place.swift */; };
		272802D12848AD5E0092A6EF /* HomeViewModel.swift in Sources */ = {isa = PBXBuildFile; fileRef = 272802D02848AD5E0092A6EF /* HomeViewModel.swift */; };
		272802D42848AEA30092A6EF /* PlaceView.swift in Sources */ = {isa = PBXBuildFile; fileRef = 272802D32848AEA30092A6EF /* PlaceView.swift */; };
		272802D62848B0CA0092A6EF /* ListPlaceView.swift in Sources */ = {isa = PBXBuildFile; fileRef = 272802D52848B0CA0092A6EF /* ListPlaceView.swift */; };
		272802EB2848EBE50092A6EF /* Metropolis-Black.otf in Resources */ = {isa = PBXBuildFile; fileRef = 272802D92848EBE50092A6EF /* Metropolis-Black.otf */; };
		272802EC2848EBE50092A6EF /* Metropolis-ExtraLightItalic.otf in Resources */ = {isa = PBXBuildFile; fileRef = 272802DA2848EBE50092A6EF /* Metropolis-ExtraLightItalic.otf */; };
		272802ED2848EBE50092A6EF /* Metropolis-BlackItalic.otf in Resources */ = {isa = PBXBuildFile; fileRef = 272802DB2848EBE50092A6EF /* Metropolis-BlackItalic.otf */; };
		272802EE2848EBE50092A6EF /* Metropolis-ExtraBoldItalic.otf in Resources */ = {isa = PBXBuildFile; fileRef = 272802DC2848EBE50092A6EF /* Metropolis-ExtraBoldItalic.otf */; };
		272802EF2848EBE50092A6EF /* Metropolis-SemiBoldItalic.otf in Resources */ = {isa = PBXBuildFile; fileRef = 272802DD2848EBE50092A6EF /* Metropolis-SemiBoldItalic.otf */; };
		272802F02848EBE50092A6EF /* Metropolis-ExtraBold.otf in Resources */ = {isa = PBXBuildFile; fileRef = 272802DE2848EBE50092A6EF /* Metropolis-ExtraBold.otf */; };
		272802F12848EBE50092A6EF /* Metropolis-ExtraLight.otf in Resources */ = {isa = PBXBuildFile; fileRef = 272802DF2848EBE50092A6EF /* Metropolis-ExtraLight.otf */; };
		272802F22848EBE50092A6EF /* Metropolis-ThinItalic.otf in Resources */ = {isa = PBXBuildFile; fileRef = 272802E02848EBE50092A6EF /* Metropolis-ThinItalic.otf */; };
		272802F32848EBE50092A6EF /* Metropolis-RegularItalic.otf in Resources */ = {isa = PBXBuildFile; fileRef = 272802E12848EBE50092A6EF /* Metropolis-RegularItalic.otf */; };
		272802F42848EBE50092A6EF /* Metropolis-Bold.otf in Resources */ = {isa = PBXBuildFile; fileRef = 272802E22848EBE50092A6EF /* Metropolis-Bold.otf */; };
		272802F52848EBE50092A6EF /* Metropolis-Light.otf in Resources */ = {isa = PBXBuildFile; fileRef = 272802E32848EBE50092A6EF /* Metropolis-Light.otf */; };
		272802F62848EBE50092A6EF /* Metropolis-MediumItalic.otf in Resources */ = {isa = PBXBuildFile; fileRef = 272802E42848EBE50092A6EF /* Metropolis-MediumItalic.otf */; };
		272802F72848EBE50092A6EF /* Metropolis-Medium.otf in Resources */ = {isa = PBXBuildFile; fileRef = 272802E52848EBE50092A6EF /* Metropolis-Medium.otf */; };
		272802F82848EBE50092A6EF /* Metropolis-Regular.otf in Resources */ = {isa = PBXBuildFile; fileRef = 272802E62848EBE50092A6EF /* Metropolis-Regular.otf */; };
		272802F92848EBE50092A6EF /* Metropolis-Thin.otf in Resources */ = {isa = PBXBuildFile; fileRef = 272802E72848EBE50092A6EF /* Metropolis-Thin.otf */; };
		272802FA2848EBE50092A6EF /* Metropolis-LightItalic.otf in Resources */ = {isa = PBXBuildFile; fileRef = 272802E82848EBE50092A6EF /* Metropolis-LightItalic.otf */; };
		272802FB2848EBE50092A6EF /* Metropolis-BoldItalic.otf in Resources */ = {isa = PBXBuildFile; fileRef = 272802E92848EBE50092A6EF /* Metropolis-BoldItalic.otf */; };
		272802FC2848EBE50092A6EF /* Metropolis-SemiBold.otf in Resources */ = {isa = PBXBuildFile; fileRef = 272802EA2848EBE50092A6EF /* Metropolis-SemiBold.otf */; };
		274732CF286B221100F6B4DD /* DetailedPlaceView.swift in Sources */ = {isa = PBXBuildFile; fileRef = 274732CE286B221100F6B4DD /* DetailedPlaceView.swift */; };
		274732D1286B3B1E00F6B4DD /* PlaceInfoView.swift in Sources */ = {isa = PBXBuildFile; fileRef = 274732D0286B3B1E00F6B4DD /* PlaceInfoView.swift */; };
		274A4E952852158F0083593D /* Optional+Unwrapped.swift in Sources */ = {isa = PBXBuildFile; fileRef = 274A4E942852158F0083593D /* Optional+Unwrapped.swift */; };
		27983A1328522311007E941F /* CategoryItem.swift in Sources */ = {isa = PBXBuildFile; fileRef = 27983A1228522311007E941F /* CategoryItem.swift */; };
		27983A1828522B4F007E941F /* CategoryItemView.swift in Sources */ = {isa = PBXBuildFile; fileRef = 27983A1728522B4E007E941F /* CategoryItemView.swift */; };
		27983A1A28523CFE007E941F /* ListCategoryItemView.swift in Sources */ = {isa = PBXBuildFile; fileRef = 27983A1928523CFE007E941F /* ListCategoryItemView.swift */; };
/* End PBXBuildFile section */

/* Begin PBXFileReference section */
		270D6BB7285F88E700628D44 /* TabView.swift */ = {isa = PBXFileReference; lastKnownFileType = sourcecode.swift; path = TabView.swift; sourceTree = "<group>"; };
		270D6BB9285F8E8400628D44 /* Tab.swift */ = {isa = PBXFileReference; lastKnownFileType = sourcecode.swift; path = Tab.swift; sourceTree = "<group>"; };
		270D6BBB285F901A00628D44 /* ListTabView.swift */ = {isa = PBXFileReference; lastKnownFileType = sourcecode.swift; path = ListTabView.swift; sourceTree = "<group>"; };
		270F23092850B6D800C8FC2B /* ListCategoryView.swift */ = {isa = PBXFileReference; lastKnownFileType = sourcecode.swift; path = ListCategoryView.swift; sourceTree = "<group>"; };
		270F230B2850B74900C8FC2B /* Category.swift */ = {isa = PBXFileReference; lastKnownFileType = sourcecode.swift; path = Category.swift; sourceTree = "<group>"; };
		271BC95D284F7A1700D3CFFF /* CategoryView.swift */ = {isa = PBXFileReference; lastKnownFileType = sourcecode.swift; path = CategoryView.swift; sourceTree = "<group>"; };
		272802B7284897B20092A6EF /* ComplexSwiftUI.app */ = {isa = PBXFileReference; explicitFileType = wrapper.application; includeInIndex = 0; path = ComplexSwiftUI.app; sourceTree = BUILT_PRODUCTS_DIR; };
		272802BA284897B20092A6EF /* ComplexSwiftUIApp.swift */ = {isa = PBXFileReference; lastKnownFileType = sourcecode.swift; path = ComplexSwiftUIApp.swift; sourceTree = "<group>"; };
		272802BC284897B20092A6EF /* HomeView.swift */ = {isa = PBXFileReference; lastKnownFileType = sourcecode.swift; path = HomeView.swift; sourceTree = "<group>"; };
		272802BE284897B40092A6EF /* Assets.xcassets */ = {isa = PBXFileReference; lastKnownFileType = folder.assetcatalog; path = Assets.xcassets; sourceTree = "<group>"; };
		272802C1284897B40092A6EF /* Preview Assets.xcassets */ = {isa = PBXFileReference; lastKnownFileType = folder.assetcatalog; path = "Preview Assets.xcassets"; sourceTree = "<group>"; };
		272802CA2848A7E20092A6EF /* User.swift */ = {isa = PBXFileReference; lastKnownFileType = sourcecode.swift; path = User.swift; sourceTree = "<group>"; };
		272802CC2848A8710092A6EF /* Place.swift */ = {isa = PBXFileReference; lastKnownFileType = sourcecode.swift; path = Place.swift; sourceTree = "<group>"; };
		272802D02848AD5E0092A6EF /* HomeViewModel.swift */ = {isa = PBXFileReference; lastKnownFileType = sourcecode.swift; path = HomeViewModel.swift; sourceTree = "<group>"; };
		272802D32848AEA30092A6EF /* PlaceView.swift */ = {isa = PBXFileReference; lastKnownFileType = sourcecode.swift; path = PlaceView.swift; sourceTree = "<group>"; };
		272802D52848B0CA0092A6EF /* ListPlaceView.swift */ = {isa = PBXFileReference; lastKnownFileType = sourcecode.swift; path = ListPlaceView.swift; sourceTree = "<group>"; };
		272802D72848EB6A0092A6EF /* Info.plist */ = {isa = PBXFileReference; lastKnownFileType = text.plist; path = Info.plist; sourceTree = "<group>"; };
		272802D92848EBE50092A6EF /* Metropolis-Black.otf */ = {isa = PBXFileReference; lastKnownFileType = file; path = "Metropolis-Black.otf"; sourceTree = "<group>"; };
		272802DA2848EBE50092A6EF /* Metropolis-ExtraLightItalic.otf */ = {isa = PBXFileReference; lastKnownFileType = file; path = "Metropolis-ExtraLightItalic.otf"; sourceTree = "<group>"; };
		272802DB2848EBE50092A6EF /* Metropolis-BlackItalic.otf */ = {isa = PBXFileReference; lastKnownFileType = file; path = "Metropolis-BlackItalic.otf"; sourceTree = "<group>"; };
		272802DC2848EBE50092A6EF /* Metropolis-ExtraBoldItalic.otf */ = {isa = PBXFileReference; lastKnownFileType = file; path = "Metropolis-ExtraBoldItalic.otf"; sourceTree = "<group>"; };
		272802DD2848EBE50092A6EF /* Metropolis-SemiBoldItalic.otf */ = {isa = PBXFileReference; lastKnownFileType = file; path = "Metropolis-SemiBoldItalic.otf"; sourceTree = "<group>"; };
		272802DE2848EBE50092A6EF /* Metropolis-ExtraBold.otf */ = {isa = PBXFileReference; lastKnownFileType = file; path = "Metropolis-ExtraBold.otf"; sourceTree = "<group>"; };
		272802DF2848EBE50092A6EF /* Metropolis-ExtraLight.otf */ = {isa = PBXFileReference; lastKnownFileType = file; path = "Metropolis-ExtraLight.otf"; sourceTree = "<group>"; };
		272802E02848EBE50092A6EF /* Metropolis-ThinItalic.otf */ = {isa = PBXFileReference; lastKnownFileType = file; path = "Metropolis-ThinItalic.otf"; sourceTree = "<group>"; };
		272802E12848EBE50092A6EF /* Metropolis-RegularItalic.otf */ = {isa = PBXFileReference; lastKnownFileType = file; path = "Metropolis-RegularItalic.otf"; sourceTree = "<group>"; };
		272802E22848EBE50092A6EF /* Metropolis-Bold.otf */ = {isa = PBXFileReference; lastKnownFileType = file; path = "Metropolis-Bold.otf"; sourceTree = "<group>"; };
		272802E32848EBE50092A6EF /* Metropolis-Light.otf */ = {isa = PBXFileReference; lastKnownFileType = file; path = "Metropolis-Light.otf"; sourceTree = "<group>"; };
		272802E42848EBE50092A6EF /* Metropolis-MediumItalic.otf */ = {isa = PBXFileReference; lastKnownFileType = file; path = "Metropolis-MediumItalic.otf"; sourceTree = "<group>"; };
		272802E52848EBE50092A6EF /* Metropolis-Medium.otf */ = {isa = PBXFileReference; lastKnownFileType = file; path = "Metropolis-Medium.otf"; sourceTree = "<group>"; };
		272802E62848EBE50092A6EF /* Metropolis-Regular.otf */ = {isa = PBXFileReference; lastKnownFileType = file; path = "Metropolis-Regular.otf"; sourceTree = "<group>"; };
		272802E72848EBE50092A6EF /* Metropolis-Thin.otf */ = {isa = PBXFileReference; lastKnownFileType = file; path = "Metropolis-Thin.otf"; sourceTree = "<group>"; };
		272802E82848EBE50092A6EF /* Metropolis-LightItalic.otf */ = {isa = PBXFileReference; lastKnownFileType = file; path = "Metropolis-LightItalic.otf"; sourceTree = "<group>"; };
		272802E92848EBE50092A6EF /* Metropolis-BoldItalic.otf */ = {isa = PBXFileReference; lastKnownFileType = file; path = "Metropolis-BoldItalic.otf"; sourceTree = "<group>"; };
		272802EA2848EBE50092A6EF /* Metropolis-SemiBold.otf */ = {isa = PBXFileReference; lastKnownFileType = file; path = "Metropolis-SemiBold.otf"; sourceTree = "<group>"; };
		274732CE286B221100F6B4DD /* DetailedPlaceView.swift */ = {isa = PBXFileReference; lastKnownFileType = sourcecode.swift; path = DetailedPlaceView.swift; sourceTree = "<group>"; };
		274732D0286B3B1E00F6B4DD /* PlaceInfoView.swift */ = {isa = PBXFileReference; lastKnownFileType = sourcecode.swift; path = PlaceInfoView.swift; sourceTree = "<group>"; };
		274A4E942852158F0083593D /* Optional+Unwrapped.swift */ = {isa = PBXFileReference; lastKnownFileType = sourcecode.swift; path = "Optional+Unwrapped.swift"; sourceTree = "<group>"; };
		27983A1228522311007E941F /* CategoryItem.swift */ = {isa = PBXFileReference; lastKnownFileType = sourcecode.swift; path = CategoryItem.swift; sourceTree = "<group>"; };
		27983A1728522B4E007E941F /* CategoryItemView.swift */ = {isa = PBXFileReference; lastKnownFileType = sourcecode.swift; path = CategoryItemView.swift; sourceTree = "<group>"; };
		27983A1928523CFE007E941F /* ListCategoryItemView.swift */ = {isa = PBXFileReference; lastKnownFileType = sourcecode.swift; path = ListCategoryItemView.swift; sourceTree = "<group>"; };
/* End PBXFileReference section */

/* Begin PBXFrameworksBuildPhase section */
		272802B4284897B20092A6EF /* Frameworks */ = {
			isa = PBXFrameworksBuildPhase;
			buildActionMask = 2147483647;
			files = (
			);
			runOnlyForDeploymentPostprocessing = 0;
		};
/* End PBXFrameworksBuildPhase section */

/* Begin PBXGroup section */
		270D6BB6285F788D00628D44 /* TabViews */ = {
			isa = PBXGroup;
			children = (
				270D6BB7285F88E700628D44 /* TabView.swift */,
				270D6BBB285F901A00628D44 /* ListTabView.swift */,
			);
			path = TabViews;
			sourceTree = "<group>";
		};
		271BC95B284F77EA00D3CFFF /* PlaceViews */ = {
			isa = PBXGroup;
			children = (
				272802D32848AEA30092A6EF /* PlaceView.swift */,
				272802D52848B0CA0092A6EF /* ListPlaceView.swift */,
			);
			path = PlaceViews;
			sourceTree = "<group>";
		};
		271BC95C284F79DB00D3CFFF /* CategoryViews */ = {
			isa = PBXGroup;
			children = (
				271BC95D284F7A1700D3CFFF /* CategoryView.swift */,
				270F23092850B6D800C8FC2B /* ListCategoryView.swift */,
			);
			path = CategoryViews;
			sourceTree = "<group>";
		};
		272802AE284897B20092A6EF = {
			isa = PBXGroup;
			children = (
				272802B9284897B20092A6EF /* ComplexSwiftUI */,
				272802B8284897B20092A6EF /* Products */,
			);
			sourceTree = "<group>";
		};
		272802B8284897B20092A6EF /* Products */ = {
			isa = PBXGroup;
			children = (
				272802B7284897B20092A6EF /* ComplexSwiftUI.app */,
			);
			name = Products;
			sourceTree = "<group>";
		};
		272802B9284897B20092A6EF /* ComplexSwiftUI */ = {
			isa = PBXGroup;
			children = (
				274A4E932852157D0083593D /* Extensions */,
				272802D82848EB9F0092A6EF /* Fonts */,
				272802D72848EB6A0092A6EF /* Info.plist */,
				272802C92848A7530092A6EF /* Entities */,
				272802C828489F0D0092A6EF /* Home */,
				272802BA284897B20092A6EF /* ComplexSwiftUIApp.swift */,
				272802BE284897B40092A6EF /* Assets.xcassets */,
				272802C0284897B40092A6EF /* Preview Content */,
			);
			path = ComplexSwiftUI;
			sourceTree = "<group>";
		};
		272802C0284897B40092A6EF /* Preview Content */ = {
			isa = PBXGroup;
			children = (
				272802C1284897B40092A6EF /* Preview Assets.xcassets */,
			);
			path = "Preview Content";
			sourceTree = "<group>";
		};
		272802C828489F0D0092A6EF /* Home */ = {
			isa = PBXGroup;
			children = (
				272802D22848AE8C0092A6EF /* Views */,
				272802BC284897B20092A6EF /* HomeView.swift */,
				272802D02848AD5E0092A6EF /* HomeViewModel.swift */,
			);
			path = Home;
			sourceTree = "<group>";
		};
		272802C92848A7530092A6EF /* Entities */ = {
			isa = PBXGroup;
			children = (
				272802CA2848A7E20092A6EF /* User.swift */,
				272802CC2848A8710092A6EF /* Place.swift */,
				270F230B2850B74900C8FC2B /* Category.swift */,
				27983A1228522311007E941F /* CategoryItem.swift */,
				270D6BB9285F8E8400628D44 /* Tab.swift */,
			);
			path = Entities;
			sourceTree = "<group>";
		};
		272802D22848AE8C0092A6EF /* Views */ = {
			isa = PBXGroup;
			children = (
				274732CD286B21FA00F6B4DD /* DetailedPlaceViews */,
				270D6BB6285F788D00628D44 /* TabViews */,
				27983A1628522B3A007E941F /* CategoryItemViews */,
				271BC95C284F79DB00D3CFFF /* CategoryViews */,
				271BC95B284F77EA00D3CFFF /* PlaceViews */,
			);
			path = Views;
			sourceTree = "<group>";
		};
		272802D82848EB9F0092A6EF /* Fonts */ = {
			isa = PBXGroup;
			children = (
				272802D92848EBE50092A6EF /* Metropolis-Black.otf */,
				272802DB2848EBE50092A6EF /* Metropolis-BlackItalic.otf */,
				272802E22848EBE50092A6EF /* Metropolis-Bold.otf */,
				272802E92848EBE50092A6EF /* Metropolis-BoldItalic.otf */,
				272802DE2848EBE50092A6EF /* Metropolis-ExtraBold.otf */,
				272802DC2848EBE50092A6EF /* Metropolis-ExtraBoldItalic.otf */,
				272802DF2848EBE50092A6EF /* Metropolis-ExtraLight.otf */,
				272802DA2848EBE50092A6EF /* Metropolis-ExtraLightItalic.otf */,
				272802E32848EBE50092A6EF /* Metropolis-Light.otf */,
				272802E82848EBE50092A6EF /* Metropolis-LightItalic.otf */,
				272802E52848EBE50092A6EF /* Metropolis-Medium.otf */,
				272802E42848EBE50092A6EF /* Metropolis-MediumItalic.otf */,
				272802E62848EBE50092A6EF /* Metropolis-Regular.otf */,
				272802E12848EBE50092A6EF /* Metropolis-RegularItalic.otf */,
				272802EA2848EBE50092A6EF /* Metropolis-SemiBold.otf */,
				272802DD2848EBE50092A6EF /* Metropolis-SemiBoldItalic.otf */,
				272802E72848EBE50092A6EF /* Metropolis-Thin.otf */,
				272802E02848EBE50092A6EF /* Metropolis-ThinItalic.otf */,
			);
			path = Fonts;
			sourceTree = "<group>";
		};
		274732CD286B21FA00F6B4DD /* DetailedPlaceViews */ = {
			isa = PBXGroup;
			children = (
				274732CE286B221100F6B4DD /* DetailedPlaceView.swift */,
				274732D0286B3B1E00F6B4DD /* PlaceInfoView.swift */,
			);
			path = DetailedPlaceViews;
			sourceTree = "<group>";
		};
		274A4E932852157D0083593D /* Extensions */ = {
			isa = PBXGroup;
			children = (
				274A4E942852158F0083593D /* Optional+Unwrapped.swift */,
			);
			path = Extensions;
			sourceTree = "<group>";
		};
		27983A1628522B3A007E941F /* CategoryItemViews */ = {
			isa = PBXGroup;
			children = (
				27983A1728522B4E007E941F /* CategoryItemView.swift */,
				27983A1928523CFE007E941F /* ListCategoryItemView.swift */,
			);
			path = CategoryItemViews;
			sourceTree = "<group>";
		};
/* End PBXGroup section */

/* Begin PBXNativeTarget section */
		272802B6284897B20092A6EF /* ComplexSwiftUI */ = {
			isa = PBXNativeTarget;
			buildConfigurationList = 272802C5284897B40092A6EF /* Build configuration list for PBXNativeTarget "ComplexSwiftUI" */;
			buildPhases = (
				272802B3284897B20092A6EF /* Sources */,
				272802B4284897B20092A6EF /* Frameworks */,
				272802B5284897B20092A6EF /* Resources */,
			);
			buildRules = (
			);
			dependencies = (
			);
			name = ComplexSwiftUI;
			productName = ComplexSwiftUI;
			productReference = 272802B7284897B20092A6EF /* ComplexSwiftUI.app */;
			productType = "com.apple.product-type.application";
		};
/* End PBXNativeTarget section */

/* Begin PBXProject section */
		272802AF284897B20092A6EF /* Project object */ = {
			isa = PBXProject;
			attributes = {
				BuildIndependentTargetsInParallel = 1;
				LastSwiftUpdateCheck = 1320;
				LastUpgradeCheck = 1320;
				TargetAttributes = {
					272802B6284897B20092A6EF = {
						CreatedOnToolsVersion = 13.2.1;
					};
				};
			};
			buildConfigurationList = 272802B2284897B20092A6EF /* Build configuration list for PBXProject "ComplexSwiftUI" */;
			compatibilityVersion = "Xcode 13.0";
			developmentRegion = en;
			hasScannedForEncodings = 0;
			knownRegions = (
				en,
				Base,
			);
			mainGroup = 272802AE284897B20092A6EF;
			productRefGroup = 272802B8284897B20092A6EF /* Products */;
			projectDirPath = "";
			projectRoot = "";
			targets = (
				272802B6284897B20092A6EF /* ComplexSwiftUI */,
			);
		};
/* End PBXProject section */

/* Begin PBXResourcesBuildPhase section */
		272802B5284897B20092A6EF /* Resources */ = {
			isa = PBXResourcesBuildPhase;
			buildActionMask = 2147483647;
			files = (
				272802F22848EBE50092A6EF /* Metropolis-ThinItalic.otf in Resources */,
				272802ED2848EBE50092A6EF /* Metropolis-BlackItalic.otf in Resources */,
				272802F42848EBE50092A6EF /* Metropolis-Bold.otf in Resources */,
				272802F52848EBE50092A6EF /* Metropolis-Light.otf in Resources */,
				272802EE2848EBE50092A6EF /* Metropolis-ExtraBoldItalic.otf in Resources */,
				272802EF2848EBE50092A6EF /* Metropolis-SemiBoldItalic.otf in Resources */,
				272802F62848EBE50092A6EF /* Metropolis-MediumItalic.otf in Resources */,
				272802C2284897B40092A6EF /* Preview Assets.xcassets in Resources */,
				272802BF284897B40092A6EF /* Assets.xcassets in Resources */,
				272802EB2848EBE50092A6EF /* Metropolis-Black.otf in Resources */,
				272802F82848EBE50092A6EF /* Metropolis-Regular.otf in Resources */,
				272802F92848EBE50092A6EF /* Metropolis-Thin.otf in Resources */,
				272802F12848EBE50092A6EF /* Metropolis-ExtraLight.otf in Resources */,
				272802F32848EBE50092A6EF /* Metropolis-RegularItalic.otf in Resources */,
				272802EC2848EBE50092A6EF /* Metropolis-ExtraLightItalic.otf in Resources */,
				272802FB2848EBE50092A6EF /* Metropolis-BoldItalic.otf in Resources */,
				272802FC2848EBE50092A6EF /* Metropolis-SemiBold.otf in Resources */,
				272802F72848EBE50092A6EF /* Metropolis-Medium.otf in Resources */,
				272802FA2848EBE50092A6EF /* Metropolis-LightItalic.otf in Resources */,
				272802F02848EBE50092A6EF /* Metropolis-ExtraBold.otf in Resources */,
			);
			runOnlyForDeploymentPostprocessing = 0;
		};
/* End PBXResourcesBuildPhase section */

/* Begin PBXSourcesBuildPhase section */
		272802B3284897B20092A6EF /* Sources */ = {
			isa = PBXSourcesBuildPhase;
			buildActionMask = 2147483647;
			files = (
				270F230A2850B6D800C8FC2B /* ListCategoryView.swift in Sources */,
				270F230C2850B74900C8FC2B /* Category.swift in Sources */,
				274732CF286B221100F6B4DD /* DetailedPlaceView.swift in Sources */,
				272802D42848AEA30092A6EF /* PlaceView.swift in Sources */,
				272802BD284897B20092A6EF /* HomeView.swift in Sources */,
				27983A1A28523CFE007E941F /* ListCategoryItemView.swift in Sources */,
				272802D62848B0CA0092A6EF /* ListPlaceView.swift in Sources */,
				272802BB284897B20092A6EF /* ComplexSwiftUIApp.swift in Sources */,
				272802CB2848A7E20092A6EF /* User.swift in Sources */,
				274732D1286B3B1E00F6B4DD /* PlaceInfoView.swift in Sources */,
				272802D12848AD5E0092A6EF /* HomeViewModel.swift in Sources */,
				271BC95E284F7A1700D3CFFF /* CategoryView.swift in Sources */,
				270D6BB8285F88E700628D44 /* TabView.swift in Sources */,
				270D6BBA285F8E8400628D44 /* Tab.swift in Sources */,
				27983A1828522B4F007E941F /* CategoryItemView.swift in Sources */,
				272802CD2848A8710092A6EF /* Place.swift in Sources */,
				270D6BBC285F901A00628D44 /* ListTabView.swift in Sources */,
				27983A1328522311007E941F /* CategoryItem.swift in Sources */,
				274A4E952852158F0083593D /* Optional+Unwrapped.swift in Sources */,
			);
			runOnlyForDeploymentPostprocessing = 0;
		};
/* End PBXSourcesBuildPhase section */

/* Begin XCBuildConfiguration section */
		272802C3284897B40092A6EF /* Debug */ = {
			isa = XCBuildConfiguration;
			buildSettings = {
				ALWAYS_SEARCH_USER_PATHS = NO;
				CLANG_ANALYZER_NONNULL = YES;
				CLANG_ANALYZER_NUMBER_OBJECT_CONVERSION = YES_AGGRESSIVE;
				CLANG_CXX_LANGUAGE_STANDARD = "gnu++17";
				CLANG_CXX_LIBRARY = "libc++";
				CLANG_ENABLE_MODULES = YES;
				CLANG_ENABLE_OBJC_ARC = YES;
				CLANG_ENABLE_OBJC_WEAK = YES;
				CLANG_WARN_BLOCK_CAPTURE_AUTORELEASING = YES;
				CLANG_WARN_BOOL_CONVERSION = YES;
				CLANG_WARN_COMMA = YES;
				CLANG_WARN_CONSTANT_CONVERSION = YES;
				CLANG_WARN_DEPRECATED_OBJC_IMPLEMENTATIONS = YES;
				CLANG_WARN_DIRECT_OBJC_ISA_USAGE = YES_ERROR;
				CLANG_WARN_DOCUMENTATION_COMMENTS = YES;
				CLANG_WARN_EMPTY_BODY = YES;
				CLANG_WARN_ENUM_CONVERSION = YES;
				CLANG_WARN_INFINITE_RECURSION = YES;
				CLANG_WARN_INT_CONVERSION = YES;
				CLANG_WARN_NON_LITERAL_NULL_CONVERSION = YES;
				CLANG_WARN_OBJC_IMPLICIT_RETAIN_SELF = YES;
				CLANG_WARN_OBJC_LITERAL_CONVERSION = YES;
				CLANG_WARN_OBJC_ROOT_CLASS = YES_ERROR;
				CLANG_WARN_QUOTED_INCLUDE_IN_FRAMEWORK_HEADER = YES;
				CLANG_WARN_RANGE_LOOP_ANALYSIS = YES;
				CLANG_WARN_STRICT_PROTOTYPES = YES;
				CLANG_WARN_SUSPICIOUS_MOVE = YES;
				CLANG_WARN_UNGUARDED_AVAILABILITY = YES_AGGRESSIVE;
				CLANG_WARN_UNREACHABLE_CODE = YES;
				CLANG_WARN__DUPLICATE_METHOD_MATCH = YES;
				COPY_PHASE_STRIP = NO;
				DEBUG_INFORMATION_FORMAT = dwarf;
				ENABLE_STRICT_OBJC_MSGSEND = YES;
				ENABLE_TESTABILITY = YES;
				GCC_C_LANGUAGE_STANDARD = gnu11;
				GCC_DYNAMIC_NO_PIC = NO;
				GCC_NO_COMMON_BLOCKS = YES;
				GCC_OPTIMIZATION_LEVEL = 0;
				GCC_PREPROCESSOR_DEFINITIONS = (
					"DEBUG=1",
					"$(inherited)",
				);
				GCC_WARN_64_TO_32_BIT_CONVERSION = YES;
				GCC_WARN_ABOUT_RETURN_TYPE = YES_ERROR;
				GCC_WARN_UNDECLARED_SELECTOR = YES;
				GCC_WARN_UNINITIALIZED_AUTOS = YES_AGGRESSIVE;
				GCC_WARN_UNUSED_FUNCTION = YES;
				GCC_WARN_UNUSED_VARIABLE = YES;
				IPHONEOS_DEPLOYMENT_TARGET = 15.2;
				MTL_ENABLE_DEBUG_INFO = INCLUDE_SOURCE;
				MTL_FAST_MATH = YES;
				ONLY_ACTIVE_ARCH = YES;
				SDKROOT = iphoneos;
				SWIFT_ACTIVE_COMPILATION_CONDITIONS = DEBUG;
				SWIFT_OPTIMIZATION_LEVEL = "-Onone";
			};
			name = Debug;
		};
		272802C4284897B40092A6EF /* Release */ = {
			isa = XCBuildConfiguration;
			buildSettings = {
				ALWAYS_SEARCH_USER_PATHS = NO;
				CLANG_ANALYZER_NONNULL = YES;
				CLANG_ANALYZER_NUMBER_OBJECT_CONVERSION = YES_AGGRESSIVE;
				CLANG_CXX_LANGUAGE_STANDARD = "gnu++17";
				CLANG_CXX_LIBRARY = "libc++";
				CLANG_ENABLE_MODULES = YES;
				CLANG_ENABLE_OBJC_ARC = YES;
				CLANG_ENABLE_OBJC_WEAK = YES;
				CLANG_WARN_BLOCK_CAPTURE_AUTORELEASING = YES;
				CLANG_WARN_BOOL_CONVERSION = YES;
				CLANG_WARN_COMMA = YES;
				CLANG_WARN_CONSTANT_CONVERSION = YES;
				CLANG_WARN_DEPRECATED_OBJC_IMPLEMENTATIONS = YES;
				CLANG_WARN_DIRECT_OBJC_ISA_USAGE = YES_ERROR;
				CLANG_WARN_DOCUMENTATION_COMMENTS = YES;
				CLANG_WARN_EMPTY_BODY = YES;
				CLANG_WARN_ENUM_CONVERSION = YES;
				CLANG_WARN_INFINITE_RECURSION = YES;
				CLANG_WARN_INT_CONVERSION = YES;
				CLANG_WARN_NON_LITERAL_NULL_CONVERSION = YES;
				CLANG_WARN_OBJC_IMPLICIT_RETAIN_SELF = YES;
				CLANG_WARN_OBJC_LITERAL_CONVERSION = YES;
				CLANG_WARN_OBJC_ROOT_CLASS = YES_ERROR;
				CLANG_WARN_QUOTED_INCLUDE_IN_FRAMEWORK_HEADER = YES;
				CLANG_WARN_RANGE_LOOP_ANALYSIS = YES;
				CLANG_WARN_STRICT_PROTOTYPES = YES;
				CLANG_WARN_SUSPICIOUS_MOVE = YES;
				CLANG_WARN_UNGUARDED_AVAILABILITY = YES_AGGRESSIVE;
				CLANG_WARN_UNREACHABLE_CODE = YES;
				CLANG_WARN__DUPLICATE_METHOD_MATCH = YES;
				COPY_PHASE_STRIP = NO;
				DEBUG_INFORMATION_FORMAT = "dwarf-with-dsym";
				ENABLE_NS_ASSERTIONS = NO;
				ENABLE_STRICT_OBJC_MSGSEND = YES;
				GCC_C_LANGUAGE_STANDARD = gnu11;
				GCC_NO_COMMON_BLOCKS = YES;
				GCC_WARN_64_TO_32_BIT_CONVERSION = YES;
				GCC_WARN_ABOUT_RETURN_TYPE = YES_ERROR;
				GCC_WARN_UNDECLARED_SELECTOR = YES;
				GCC_WARN_UNINITIALIZED_AUTOS = YES_AGGRESSIVE;
				GCC_WARN_UNUSED_FUNCTION = YES;
				GCC_WARN_UNUSED_VARIABLE = YES;
				IPHONEOS_DEPLOYMENT_TARGET = 15.2;
				MTL_ENABLE_DEBUG_INFO = NO;
				MTL_FAST_MATH = YES;
				SDKROOT = iphoneos;
				SWIFT_COMPILATION_MODE = wholemodule;
				SWIFT_OPTIMIZATION_LEVEL = "-O";
				VALIDATE_PRODUCT = YES;
			};
			name = Release;
		};
		272802C6284897B40092A6EF /* Debug */ = {
			isa = XCBuildConfiguration;
			buildSettings = {
				ASSETCATALOG_COMPILER_APPICON_NAME = AppIcon;
				ASSETCATALOG_COMPILER_GLOBAL_ACCENT_COLOR_NAME = AccentColor;
				CODE_SIGN_STYLE = Automatic;
				CURRENT_PROJECT_VERSION = 1;
				DEVELOPMENT_ASSET_PATHS = "\"ComplexSwiftUI/Preview Content\"";
				DEVELOPMENT_TEAM = L8252FQ78N;
				ENABLE_PREVIEWS = YES;
				GENERATE_INFOPLIST_FILE = YES;
				INFOPLIST_FILE = ComplexSwiftUI/Info.plist;
				INFOPLIST_KEY_UIApplicationSceneManifest_Generation = YES;
				INFOPLIST_KEY_UIApplicationSupportsIndirectInputEvents = YES;
				INFOPLIST_KEY_UILaunchScreen_Generation = YES;
				INFOPLIST_KEY_UISupportedInterfaceOrientations = UIInterfaceOrientationPortrait;
				INFOPLIST_KEY_UISupportedInterfaceOrientations_iPad = "UIInterfaceOrientationPortrait UIInterfaceOrientationPortraitUpsideDown UIInterfaceOrientationLandscapeLeft UIInterfaceOrientationLandscapeRight";
				INFOPLIST_KEY_UISupportedInterfaceOrientations_iPhone = "UIInterfaceOrientationPortrait UIInterfaceOrientationLandscapeLeft UIInterfaceOrientationLandscapeRight";
				LD_RUNPATH_SEARCH_PATHS = (
					"$(inherited)",
					"@executable_path/Frameworks",
				);
				MARKETING_VERSION = 1.0;
				PRODUCT_BUNDLE_IDENTIFIER = com.cleveroad.ComplexSwiftUI;
				PRODUCT_NAME = "$(TARGET_NAME)";
				SWIFT_EMIT_LOC_STRINGS = YES;
				SWIFT_VERSION = 5.0;
				TARGETED_DEVICE_FAMILY = 1;
			};
			name = Debug;
		};
		272802C7284897B40092A6EF /* Release */ = {
			isa = XCBuildConfiguration;
			buildSettings = {
				ASSETCATALOG_COMPILER_APPICON_NAME = AppIcon;
				ASSETCATALOG_COMPILER_GLOBAL_ACCENT_COLOR_NAME = AccentColor;
				CODE_SIGN_STYLE = Automatic;
				CURRENT_PROJECT_VERSION = 1;
				DEVELOPMENT_ASSET_PATHS = "\"ComplexSwiftUI/Preview Content\"";
				DEVELOPMENT_TEAM = L8252FQ78N;
				ENABLE_PREVIEWS = YES;
				GENERATE_INFOPLIST_FILE = YES;
				INFOPLIST_FILE = ComplexSwiftUI/Info.plist;
				INFOPLIST_KEY_UIApplicationSceneManifest_Generation = YES;
				INFOPLIST_KEY_UIApplicationSupportsIndirectInputEvents = YES;
				INFOPLIST_KEY_UILaunchScreen_Generation = YES;
				INFOPLIST_KEY_UISupportedInterfaceOrientations = UIInterfaceOrientationPortrait;
				INFOPLIST_KEY_UISupportedInterfaceOrientations_iPad = "UIInterfaceOrientationPortrait UIInterfaceOrientationPortraitUpsideDown UIInterfaceOrientationLandscapeLeft UIInterfaceOrientationLandscapeRight";
				INFOPLIST_KEY_UISupportedInterfaceOrientations_iPhone = "UIInterfaceOrientationPortrait UIInterfaceOrientationLandscapeLeft UIInterfaceOrientationLandscapeRight";
				LD_RUNPATH_SEARCH_PATHS = (
					"$(inherited)",
					"@executable_path/Frameworks",
				);
				MARKETING_VERSION = 1.0;
				PRODUCT_BUNDLE_IDENTIFIER = com.cleveroad.ComplexSwiftUI;
				PRODUCT_NAME = "$(TARGET_NAME)";
				SWIFT_EMIT_LOC_STRINGS = YES;
				SWIFT_VERSION = 5.0;
				TARGETED_DEVICE_FAMILY = 1;
			};
			name = Release;
		};
/* End XCBuildConfiguration section */

/* Begin XCConfigurationList section */
		272802B2284897B20092A6EF /* Build configuration list for PBXProject "ComplexSwiftUI" */ = {
			isa = XCConfigurationList;
			buildConfigurations = (
				272802C3284897B40092A6EF /* Debug */,
				272802C4284897B40092A6EF /* Release */,
			);
			defaultConfigurationIsVisible = 0;
			defaultConfigurationName = Release;
		};
		272802C5284897B40092A6EF /* Build configuration list for PBXNativeTarget "ComplexSwiftUI" */ = {
			isa = XCConfigurationList;
			buildConfigurations = (
				272802C6284897B40092A6EF /* Debug */,
				272802C7284897B40092A6EF /* Release */,
			);
			defaultConfigurationIsVisible = 0;
			defaultConfigurationName = Release;
		};
/* End XCConfigurationList section */
	};
	rootObject = 272802AF284897B20092A6EF /* Project object */;
}
